
Microsoft Visual Studio Solution File, Format Version 12.00
# Visual Studio Version 17
VisualStudioVersion = 17.5.33414.496
MinimumVisualStudioVersion = 10.0.40219.1
Project("{9A19103F-16F7-4668-BE54-9A1E7A4F7556}") = "MassTransitTaskLeak.Client", "MassTransitTaskLeak.Client\MassTransitTaskLeak.Client.csproj", "{50EAD14A-5AB6-408A-A2A3-A6D7C41DECFE}"
EndProject
Project("{9A19103F-16F7-4668-BE54-9A1E7A4F7556}") = "MassTransitTaskLeak.Common", "MassTransitTaskLeak.Common\MassTransitTaskLeak.Common.csproj", "{97115DD9-42B8-42F7-98D4-440EC28C793A}"
EndProject
Project("{FAE04EC0-301F-11D3-BF4B-00C04F79EFBC}") = "MassTransitTaskLeak.Server", "MassTransitTaskLeak.Server\MassTransitTaskLeak.Server.csproj", "{3582E055-D570-4576-A1A0-D3729AA2E64D}"
EndProject
Global
	GlobalSection(SolutionConfigurationPlatforms) = preSolution
		Debug|Any CPU = Debug|Any CPU
		Release|Any CPU = Release|Any CPU
	EndGlobalSection
	GlobalSection(ProjectConfigurationPlatforms) = postSolution
		{50EAD14A-5AB6-408A-A2A3-A6D7C41DECFE}.Debug|Any CPU.ActiveCfg = Debug|Any CPU
		{50EAD14A-5AB6-408A-A2A3-A6D7C41DECFE}.Debug|Any CPU.Build.0 = Debug|Any CPU
		{50EAD14A-5AB6-408A-A2A3-A6D7C41DECFE}.Release|Any CPU.ActiveCfg = Release|Any CPU
		{50EAD14A-5AB6-408A-A2A3-A6D7C41DECFE}.Release|Any CPU.Build.0 = Release|Any CPU
		{97115DD9-42B8-42F7-98D4-440EC28C793A}.Debug|Any CPU.ActiveCfg = Debug|Any CPU
		{97115DD9-42B8-42F7-98D4-440EC28C793A}.Debug|Any CPU.Build.0 = Debug|Any CPU
		{97115DD9-42B8-42F7-98D4-440EC28C793A}.Release|Any CPU.ActiveCfg = Release|Any CPU
		{97115DD9-42B8-42F7-98D4-440EC28C793A}.Release|Any CPU.Build.0 = Release|Any CPU
		{3582E055-D570-4576-A1A0-D3729AA2E64D}.Debug|Any CPU.ActiveCfg = Debug|Any CPU
		{3582E055-D570-4576-A1A0-D3729AA2E64D}.Debug|Any CPU.Build.0 = Debug|Any CPU
		{3582E055-D570-4576-A1A0-D3729AA2E64D}.Release|Any CPU.ActiveCfg = Release|Any CPU
		{3582E055-D570-4576-A1A0-D3729AA2E64D}.Release|Any CPU.Build.0 = Release|Any CPU
	EndGlobalSection
	GlobalSection(SolutionProperties) = preSolution
		HideSolutionNode = FALSE
	EndGlobalSection
	GlobalSection(ExtensibilityGlobals) = postSolution
		SolutionGuid = {3EE9585B-7FA5-4285-9F13-89458F8CFAE0}
	EndGlobalSection
EndGlobal
